
Microsoft Visual Studio Solution File, Format Version 12.00
# Visual Studio Version 16
VisualStudioVersion = 16.0.30225.117
MinimumVisualStudioVersion = 10.0.40219.1
Project("{FAE04EC0-301F-11D3-BF4B-00C04F79EFBC}") = "HelloApp", "HelloApp\HelloApp.csproj", "{402D7823-EE18-454C-9AF1-8FEB535F3D19}"
EndProject
Global
	GlobalSection(SolutionConfigurationPlatforms) = preSolution
		Debug|Any CPU = Debug|Any CPU
		Release|Any CPU = Release|Any CPU
	EndGlobalSection
	GlobalSection(ProjectConfigurationPlatforms) = postSolution
		{402D7823-EE18-454C-9AF1-8FEB535F3D19}.Debug|Any CPU.ActiveCfg = Debug|Any CPU
		{402D7823-EE18-454C-9AF1-8FEB535F3D19}.Debug|Any CPU.Build.0 = Debug|Any CPU
		{402D7823-EE18-454C-9AF1-8FEB535F3D19}.Release|Any CPU.ActiveCfg = Release|Any CPU
		{402D7823-EE18-454C-9AF1-8FEB535F3D19}.Release|Any CPU.Build.0 = Release|Any CPU
	EndGlobalSection
	GlobalSection(SolutionProperties) = preSolution
		HideSolutionNode = FALSE
	EndGlobalSection
	GlobalSection(ExtensibilityGlobals) = postSolution
		SolutionGuid = {3AE1049C-1A5C-48D9-8455-6FA9AB95F21E}
	EndGlobalSection
EndGlobal
